{
    "requires": true,
    "lockfileVersion": 1,
    "dependencies": {
        "vue": {
            "version": "2.6.14",
            "resolved": "https://registry.npmjs.org/vue/-/vue-2.6.14.tgz",
            "integrity": "sha512-x2284lgYvjOMj3Za7kqzRcUSxBboHqtgRE2zlos1qWaOye5yUmHn42LB1250NJBLRwEcdrB0JRwyPTEPhfQjiQ=="
        },
        "vue-axios": {
            "version": "3.3.7",
            "resolved": "https://registry.npmjs.org/vue-axios/-/vue-axios-3.3.7.tgz",
            "integrity": "sha512-SmNFJIkM5YF4eWfaWfmCmORy52ZP5b8ml9PCTi7C0VsuQK4vwZON6ToNWuyFGCL6U/Fp/pzfIgdLLh/O/qKzYQ=="
        },
        "vue-router": {
            "version": "3.5.2",
            "resolved": "https://registry.npmjs.org/vue-router/-/vue-router-3.5.2.tgz",
            "integrity": "sha512-807gn82hTnjCYGrnF3eNmIw/dk7/GE4B5h69BlyCK9KHASwSloD1Sjcn06zg9fVG4fYH2DrsNBZkpLtb25WtaQ=="
        }
    }
}
